
Microsoft Visual Studio Solution File, Format Version 12.00
# Visual Studio 14
VisualStudioVersion = 14.0.23107.0
MinimumVisualStudioVersion = 10.0.40219.1
Project("{FAE04EC0-301F-11D3-BF4B-00C04F79EFBC}") = "HwPush.Push", "HwPush.Push\HwPush.Push.csproj", "{785070B3-B9B1-4B1C-8F04-DF28D16862E8}"
EndProject
Project("{FAE04EC0-301F-11D3-BF4B-00C04F79EFBC}") = "HwPush.VersionManage", "HwPush.VersionManage\HwPush.VersionManage.csproj", "{53B134B2-C2FB-42B8-BE15-8EB876792867}"
EndProject
Project("{FAE04EC0-301F-11D3-BF4B-00C04F79EFBC}") = "HwPush.Model", "HwPush.Model\HwPush.Model.csproj", "{C4DD0D5C-5859-4649-B459-EEE23F255E04}"
EndProject
Project("{FAE04EC0-301F-11D3-BF4B-00C04F79EFBC}") = "HwPush.Base", "HwPush.Base\HwPush.Base.csproj", "{39657DDE-1FEA-4276-83AE-96A8A00E720C}"
EndProject
Project("{FAE04EC0-301F-11D3-BF4B-00C04F79EFBC}") = "HwPush.CheckVersion", "HwPush.CheckVersion\HwPush.CheckVersion.csproj", "{08D4E709-BA4B-4905-85C1-98A8FA16C0DC}"
EndProject
Project("{FAE04EC0-301F-11D3-BF4B-00C04F79EFBC}") = "HwPush.ApiModel", "HwPush.ApiModel\HwPush.ApiModel.csproj", "{3E4C887E-CAB6-4256-8DF5-A541D956A4B6}"
EndProject
Project("{FAE04EC0-301F-11D3-BF4B-00C04F79EFBC}") = "HwPush.Api", "HwPush.Api\HwPush.Api.csproj", "{420E1B5C-AD1F-4EDD-9523-C4F8ED7B8FE6}"
EndProject
Project("{FAE04EC0-301F-11D3-BF4B-00C04F79EFBC}") = "HwPush.NewPush", "HwPush.NewPush\HwPush.NewPush.csproj", "{9203F334-84E4-475A-884C-D3FFFEFFB93E}"
EndProject
Project("{FAE04EC0-301F-11D3-BF4B-00C04F79EFBC}") = "HwPush.ApiBase", "HwPush.ApiBase\HwPush.ApiBase.csproj", "{859F222D-6F07-4379-84D0-BF2F0BA001C4}"
EndProject
Project("{FAE04EC0-301F-11D3-BF4B-00C04F79EFBC}") = "N7Push", "EvaPush\N7Push.csproj", "{906BF08D-1D55-4558-8D8C-78CE6A108C9F}"
EndProject
Project("{FAE04EC0-301F-11D3-BF4B-00C04F79EFBC}") = "Mate8OEM", "Mate8OEM\Mate8OEM.csproj", "{DE937287-A1A6-4A3C-8EDB-F250D9CC819D}"
EndProject
Global
	GlobalSection(SolutionConfigurationPlatforms) = preSolution
		Debug|Any CPU = Debug|Any CPU
		Debug|x86 = Debug|x86
		Release|Any CPU = Release|Any CPU
		Release|x86 = Release|x86
	EndGlobalSection
	GlobalSection(ProjectConfigurationPlatforms) = postSolution
		{785070B3-B9B1-4B1C-8F04-DF28D16862E8}.Debug|Any CPU.ActiveCfg = Debug|Any CPU
		{785070B3-B9B1-4B1C-8F04-DF28D16862E8}.Debug|Any CPU.Build.0 = Debug|Any CPU
		{785070B3-B9B1-4B1C-8F04-DF28D16862E8}.Debug|x86.ActiveCfg = Debug|x86
		{785070B3-B9B1-4B1C-8F04-DF28D16862E8}.Debug|x86.Build.0 = Debug|x86
		{785070B3-B9B1-4B1C-8F04-DF28D16862E8}.Release|Any CPU.ActiveCfg = Release|Any CPU
		{785070B3-B9B1-4B1C-8F04-DF28D16862E8}.Release|Any CPU.Build.0 = Release|Any CPU
		{785070B3-B9B1-4B1C-8F04-DF28D16862E8}.Release|x86.ActiveCfg = Release|x86
		{785070B3-B9B1-4B1C-8F04-DF28D16862E8}.Release|x86.Build.0 = Release|x86
		{53B134B2-C2FB-42B8-BE15-8EB876792867}.Debug|Any CPU.ActiveCfg = Debug|Any CPU
		{53B134B2-C2FB-42B8-BE15-8EB876792867}.Debug|Any CPU.Build.0 = Debug|Any CPU
		{53B134B2-C2FB-42B8-BE15-8EB876792867}.Debug|x86.ActiveCfg = Debug|Any CPU
		{53B134B2-C2FB-42B8-BE15-8EB876792867}.Debug|x86.Build.0 = Debug|Any CPU
		{53B134B2-C2FB-42B8-BE15-8EB876792867}.Release|Any CPU.ActiveCfg = Release|Any CPU
		{53B134B2-C2FB-42B8-BE15-8EB876792867}.Release|Any CPU.Build.0 = Release|Any CPU
		{53B134B2-C2FB-42B8-BE15-8EB876792867}.Release|x86.ActiveCfg = Release|Any CPU
		{53B134B2-C2FB-42B8-BE15-8EB876792867}.Release|x86.Build.0 = Release|Any CPU
		{C4DD0D5C-5859-4649-B459-EEE23F255E04}.Debug|Any CPU.ActiveCfg = Debug|Any CPU
		{C4DD0D5C-5859-4649-B459-EEE23F255E04}.Debug|Any CPU.Build.0 = Debug|Any CPU
		{C4DD0D5C-5859-4649-B459-EEE23F255E04}.Debug|x86.ActiveCfg = Debug|Any CPU
		{C4DD0D5C-5859-4649-B459-EEE23F255E04}.Debug|x86.Build.0 = Debug|Any CPU
		{C4DD0D5C-5859-4649-B459-EEE23F255E04}.Release|Any CPU.ActiveCfg = Release|Any CPU
		{C4DD0D5C-5859-4649-B459-EEE23F255E04}.Release|Any CPU.Build.0 = Release|Any CPU
		{C4DD0D5C-5859-4649-B459-EEE23F255E04}.Release|x86.ActiveCfg = Release|Any CPU
		{C4DD0D5C-5859-4649-B459-EEE23F255E04}.Release|x86.Build.0 = Release|Any CPU
		{39657DDE-1FEA-4276-83AE-96A8A00E720C}.Debug|Any CPU.ActiveCfg = Debug|Any CPU
		{39657DDE-1FEA-4276-83AE-96A8A00E720C}.Debug|Any CPU.Build.0 = Debug|Any CPU
		{39657DDE-1FEA-4276-83AE-96A8A00E720C}.Debug|x86.ActiveCfg = Debug|Any CPU
		{39657DDE-1FEA-4276-83AE-96A8A00E720C}.Debug|x86.Build.0 = Debug|Any CPU
		{39657DDE-1FEA-4276-83AE-96A8A00E720C}.Release|Any CPU.ActiveCfg = Release|Any CPU
		{39657DDE-1FEA-4276-83AE-96A8A00E720C}.Release|Any CPU.Build.0 = Release|Any CPU
		{39657DDE-1FEA-4276-83AE-96A8A00E720C}.Release|x86.ActiveCfg = Release|Any CPU
		{39657DDE-1FEA-4276-83AE-96A8A00E720C}.Release|x86.Build.0 = Release|Any CPU
		{08D4E709-BA4B-4905-85C1-98A8FA16C0DC}.Debug|Any CPU.ActiveCfg = Debug|Any CPU
		{08D4E709-BA4B-4905-85C1-98A8FA16C0DC}.Debug|Any CPU.Build.0 = Debug|Any CPU
		{08D4E709-BA4B-4905-85C1-98A8FA16C0DC}.Debug|x86.ActiveCfg = Debug|Any CPU
		{08D4E709-BA4B-4905-85C1-98A8FA16C0DC}.Debug|x86.Build.0 = Debug|Any CPU
		{08D4E709-BA4B-4905-85C1-98A8FA16C0DC}.Release|Any CPU.ActiveCfg = Release|Any CPU
		{08D4E709-BA4B-4905-85C1-98A8FA16C0DC}.Release|Any CPU.Build.0 = Release|Any CPU
		{08D4E709-BA4B-4905-85C1-98A8FA16C0DC}.Release|x86.ActiveCfg = Release|Any CPU
		{08D4E709-BA4B-4905-85C1-98A8FA16C0DC}.Release|x86.Build.0 = Release|Any CPU
		{3E4C887E-CAB6-4256-8DF5-A541D956A4B6}.Debug|Any CPU.ActiveCfg = Debug|Any CPU
		{3E4C887E-CAB6-4256-8DF5-A541D956A4B6}.Debug|Any CPU.Build.0 = Debug|Any CPU
		{3E4C887E-CAB6-4256-8DF5-A541D956A4B6}.Debug|x86.ActiveCfg = Debug|Any CPU
		{3E4C887E-CAB6-4256-8DF5-A541D956A4B6}.Debug|x86.Build.0 = Debug|Any CPU
		{3E4C887E-CAB6-4256-8DF5-A541D956A4B6}.Release|Any CPU.ActiveCfg = Release|Any CPU
		{3E4C887E-CAB6-4256-8DF5-A541D956A4B6}.Release|Any CPU.Build.0 = Release|Any CPU
		{3E4C887E-CAB6-4256-8DF5-A541D956A4B6}.Release|x86.ActiveCfg = Release|Any CPU
		{3E4C887E-CAB6-4256-8DF5-A541D956A4B6}.Release|x86.Build.0 = Release|Any CPU
		{420E1B5C-AD1F-4EDD-9523-C4F8ED7B8FE6}.Debug|Any CPU.ActiveCfg = Debug|Any CPU
		{420E1B5C-AD1F-4EDD-9523-C4F8ED7B8FE6}.Debug|Any CPU.Build.0 = Debug|Any CPU
		{420E1B5C-AD1F-4EDD-9523-C4F8ED7B8FE6}.Debug|x86.ActiveCfg = Debug|Any CPU
		{420E1B5C-AD1F-4EDD-9523-C4F8ED7B8FE6}.Debug|x86.Build.0 = Debug|Any CPU
		{420E1B5C-AD1F-4EDD-9523-C4F8ED7B8FE6}.Release|Any CPU.ActiveCfg = Release|Any CPU
		{420E1B5C-AD1F-4EDD-9523-C4F8ED7B8FE6}.Release|Any CPU.Build.0 = Release|Any CPU
		{420E1B5C-AD1F-4EDD-9523-C4F8ED7B8FE6}.Release|x86.ActiveCfg = Release|Any CPU
		{420E1B5C-AD1F-4EDD-9523-C4F8ED7B8FE6}.Release|x86.Build.0 = Release|Any CPU
		{9203F334-84E4-475A-884C-D3FFFEFFB93E}.Debug|Any CPU.ActiveCfg = Debug|Any CPU
		{9203F334-84E4-475A-884C-D3FFFEFFB93E}.Debug|Any CPU.Build.0 = Debug|Any CPU
		{9203F334-84E4-475A-884C-D3FFFEFFB93E}.Debug|x86.ActiveCfg = Debug|Any CPU
		{9203F334-84E4-475A-884C-D3FFFEFFB93E}.Debug|x86.Build.0 = Debug|Any CPU
		{9203F334-84E4-475A-884C-D3FFFEFFB93E}.Release|Any CPU.ActiveCfg = Release|Any CPU
		{9203F334-84E4-475A-884C-D3FFFEFFB93E}.Release|Any CPU.Build.0 = Release|Any CPU
		{9203F334-84E4-475A-884C-D3FFFEFFB93E}.Release|x86.ActiveCfg = Release|Any CPU
		{9203F334-84E4-475A-884C-D3FFFEFFB93E}.Release|x86.Build.0 = Release|Any CPU
		{859F222D-6F07-4379-84D0-BF2F0BA001C4}.Debug|Any CPU.ActiveCfg = Debug|Any CPU
		{859F222D-6F07-4379-84D0-BF2F0BA001C4}.Debug|Any CPU.Build.0 = Debug|Any CPU
		{859F222D-6F07-4379-84D0-BF2F0BA001C4}.Debug|x86.ActiveCfg = Debug|Any CPU
		{859F222D-6F07-4379-84D0-BF2F0BA001C4}.Debug|x86.Build.0 = Debug|Any CPU
		{859F222D-6F07-4379-84D0-BF2F0BA001C4}.Release|Any CPU.ActiveCfg = Release|Any CPU
		{859F222D-6F07-4379-84D0-BF2F0BA001C4}.Release|Any CPU.Build.0 = Release|Any CPU
		{859F222D-6F07-4379-84D0-BF2F0BA001C4}.Release|x86.ActiveCfg = Release|Any CPU
		{859F222D-6F07-4379-84D0-BF2F0BA001C4}.Release|x86.Build.0 = Release|Any CPU
		{906BF08D-1D55-4558-8D8C-78CE6A108C9F}.Debug|Any CPU.ActiveCfg = Debug|Any CPU
		{906BF08D-1D55-4558-8D8C-78CE6A108C9F}.Debug|Any CPU.Build.0 = Debug|Any CPU
		{906BF08D-1D55-4558-8D8C-78CE6A108C9F}.Debug|x86.ActiveCfg = Debug|Any CPU
		{906BF08D-1D55-4558-8D8C-78CE6A108C9F}.Debug|x86.Build.0 = Debug|Any CPU
		{906BF08D-1D55-4558-8D8C-78CE6A108C9F}.Release|Any CPU.ActiveCfg = Release|Any CPU
		{906BF08D-1D55-4558-8D8C-78CE6A108C9F}.Release|Any CPU.Build.0 = Release|Any CPU
		{906BF08D-1D55-4558-8D8C-78CE6A108C9F}.Release|x86.ActiveCfg = Release|Any CPU
		{906BF08D-1D55-4558-8D8C-78CE6A108C9F}.Release|x86.Build.0 = Release|Any CPU
		{DE937287-A1A6-4A3C-8EDB-F250D9CC819D}.Debug|Any CPU.ActiveCfg = Debug|Any CPU
		{DE937287-A1A6-4A3C-8EDB-F250D9CC819D}.Debug|Any CPU.Build.0 = Debug|Any CPU
		{DE937287-A1A6-4A3C-8EDB-F250D9CC819D}.Debug|x86.ActiveCfg = Debug|Any CPU
		{DE937287-A1A6-4A3C-8EDB-F250D9CC819D}.Debug|x86.Build.0 = Debug|Any CPU
		{DE937287-A1A6-4A3C-8EDB-F250D9CC819D}.Release|Any CPU.ActiveCfg = Release|Any CPU
		{DE937287-A1A6-4A3C-8EDB-F250D9CC819D}.Release|Any CPU.Build.0 = Release|Any CPU
		{DE937287-A1A6-4A3C-8EDB-F250D9CC819D}.Release|x86.ActiveCfg = Release|Any CPU
		{DE937287-A1A6-4A3C-8EDB-F250D9CC819D}.Release|x86.Build.0 = Release|Any CPU
	EndGlobalSection
	GlobalSection(SolutionProperties) = preSolution
		HideSolutionNode = FALSE
	EndGlobalSection
EndGlobal
